
Microsoft Visual Studio Solution File, Format Version 12.00
# Visual Studio Version 16
VisualStudioVersion = 16.0.32413.511
MinimumVisualStudioVersion = 10.0.40219.1
Project("{FAE04EC0-301F-11D3-BF4B-00C04F79EFBC}") = "Staff_Student", "Staff_Student.csproj", "{E3E6C6D0-BAAB-42E5-BE32-47207C6A5DE6}"
EndProject
Project("{2150E333-8FDC-42A3-9474-1A3956D46DE8}") = "Solution Items", "Solution Items", "{A111CFFC-A87D-4B77-BB83-E00C5B4EABE8}"
	ProjectSection(SolutionItems) = preProject
		.editorconfig = .editorconfig
	EndProjectSection
EndProject
Global
	GlobalSection(SolutionConfigurationPlatforms) = preSolution
		Debug|Any CPU = Debug|Any CPU
		Release|Any CPU = Release|Any CPU
	EndGlobalSection
	GlobalSection(ProjectConfigurationPlatforms) = postSolution
		{E3E6C6D0-BAAB-42E5-BE32-47207C6A5DE6}.Debug|Any CPU.ActiveCfg = Debug|Any CPU
		{E3E6C6D0-BAAB-42E5-BE32-47207C6A5DE6}.Debug|Any CPU.Build.0 = Debug|Any CPU
		{E3E6C6D0-BAAB-42E5-BE32-47207C6A5DE6}.Release|Any CPU.ActiveCfg = Release|Any CPU
		{E3E6C6D0-BAAB-42E5-BE32-47207C6A5DE6}.Release|Any CPU.Build.0 = Release|Any CPU
	EndGlobalSection
	GlobalSection(SolutionProperties) = preSolution
		HideSolutionNode = FALSE
	EndGlobalSection
	GlobalSection(ExtensibilityGlobals) = postSolution
		SolutionGuid = {2D900088-EEC5-401A-819F-01BA9290C6F4}
	EndGlobalSection
EndGlobal
